
Microsoft Visual Studio Solution File, Format Version 12.00
# Visual Studio 2013
VisualStudioVersion = 12.0.31101.0
MinimumVisualStudioVersion = 10.0.40219.1
Project("{FAE04EC0-301F-11D3-BF4B-00C04F79EFBC}") = "MouseLoveCheeseTest", "MouseLoveCheeseTest\MouseLoveCheeseTest.csproj", "{A00EE0CD-BD63-4ADC-ADBD-FC09C0136755}"
EndProject
Project("{FAE04EC0-301F-11D3-BF4B-00C04F79EFBC}") = "MouseLoveCheese", "MouseLoveCheese\MouseLoveCheese.csproj", "{4F3844CD-E1B9-4D59-AA00-5A3C44F9250F}"
EndProject
Global
	GlobalSection(SolutionConfigurationPlatforms) = preSolution
		Debug|Any CPU = Debug|Any CPU
		Debug|Mixed Platforms = Debug|Mixed Platforms
		Debug|x86 = Debug|x86
		Release|Any CPU = Release|Any CPU
		Release|Mixed Platforms = Release|Mixed Platforms
		Release|x86 = Release|x86
	EndGlobalSection
	GlobalSection(ProjectConfigurationPlatforms) = postSolution
		{A00EE0CD-BD63-4ADC-ADBD-FC09C0136755}.Debug|Any CPU.ActiveCfg = Debug|Any CPU
		{A00EE0CD-BD63-4ADC-ADBD-FC09C0136755}.Debug|Any CPU.Build.0 = Debug|Any CPU
		{A00EE0CD-BD63-4ADC-ADBD-FC09C0136755}.Debug|Mixed Platforms.ActiveCfg = Debug|Any CPU
		{A00EE0CD-BD63-4ADC-ADBD-FC09C0136755}.Debug|Mixed Platforms.Build.0 = Debug|Any CPU
		{A00EE0CD-BD63-4ADC-ADBD-FC09C0136755}.Debug|x86.ActiveCfg = Debug|Any CPU
		{A00EE0CD-BD63-4ADC-ADBD-FC09C0136755}.Debug|x86.Build.0 = Debug|Any CPU
		{A00EE0CD-BD63-4ADC-ADBD-FC09C0136755}.Release|Any CPU.ActiveCfg = Release|Any CPU
		{A00EE0CD-BD63-4ADC-ADBD-FC09C0136755}.Release|Any CPU.Build.0 = Release|Any CPU
		{A00EE0CD-BD63-4ADC-ADBD-FC09C0136755}.Release|Mixed Platforms.ActiveCfg = Release|Any CPU
		{A00EE0CD-BD63-4ADC-ADBD-FC09C0136755}.Release|Mixed Platforms.Build.0 = Release|Any CPU
		{A00EE0CD-BD63-4ADC-ADBD-FC09C0136755}.Release|x86.ActiveCfg = Release|Any CPU
		{4F3844CD-E1B9-4D59-AA00-5A3C44F9250F}.Debug|Any CPU.ActiveCfg = Debug|Any CPU
		{4F3844CD-E1B9-4D59-AA00-5A3C44F9250F}.Debug|Any CPU.Build.0 = Debug|Any CPU
		{4F3844CD-E1B9-4D59-AA00-5A3C44F9250F}.Debug|Mixed Platforms.ActiveCfg = Debug|Any CPU
		{4F3844CD-E1B9-4D59-AA00-5A3C44F9250F}.Debug|Mixed Platforms.Build.0 = Debug|Any CPU
		{4F3844CD-E1B9-4D59-AA00-5A3C44F9250F}.Debug|x86.ActiveCfg = Debug|Any CPU
		{4F3844CD-E1B9-4D59-AA00-5A3C44F9250F}.Debug|x86.Build.0 = Debug|Any CPU
		{4F3844CD-E1B9-4D59-AA00-5A3C44F9250F}.Release|Any CPU.ActiveCfg = Release|Any CPU
		{4F3844CD-E1B9-4D59-AA00-5A3C44F9250F}.Release|Any CPU.Build.0 = Release|Any CPU
		{4F3844CD-E1B9-4D59-AA00-5A3C44F9250F}.Release|Mixed Platforms.ActiveCfg = Release|Any CPU
		{4F3844CD-E1B9-4D59-AA00-5A3C44F9250F}.Release|Mixed Platforms.Build.0 = Release|Any CPU
		{4F3844CD-E1B9-4D59-AA00-5A3C44F9250F}.Release|x86.ActiveCfg = Release|Any CPU
	EndGlobalSection
	GlobalSection(SolutionProperties) = preSolution
		HideSolutionNode = FALSE
	EndGlobalSection
EndGlobal
